
Microsoft Visual Studio Solution File, Format Version 12.00
# Visual Studio Version 16
VisualStudioVersion = 16.0.30406.217
MinimumVisualStudioVersion = 10.0.40219.1
Project("{FAE04EC0-301F-11D3-BF4B-00C04F79EFBC}") = "MvvmLibrary", "MvvmLibrary\MvvmLibrary.csproj", "{02386C57-F3BB-43B3-885A-B8BE69CBC4D5}"
EndProject
Global
	GlobalSection(SolutionConfigurationPlatforms) = preSolution
		Debug|Any CPU = Debug|Any CPU
		Release|Any CPU = Release|Any CPU
	EndGlobalSection
	GlobalSection(ProjectConfigurationPlatforms) = postSolution
		{02386C57-F3BB-43B3-885A-B8BE69CBC4D5}.Debug|Any CPU.ActiveCfg = Debug|Any CPU
		{02386C57-F3BB-43B3-885A-B8BE69CBC4D5}.Debug|Any CPU.Build.0 = Debug|Any CPU
		{02386C57-F3BB-43B3-885A-B8BE69CBC4D5}.Release|Any CPU.ActiveCfg = Release|Any CPU
		{02386C57-F3BB-43B3-885A-B8BE69CBC4D5}.Release|Any CPU.Build.0 = Release|Any CPU
	EndGlobalSection
	GlobalSection(SolutionProperties) = preSolution
		HideSolutionNode = FALSE
	EndGlobalSection
	GlobalSection(ExtensibilityGlobals) = postSolution
		SolutionGuid = {80CEBE08-2C2D-4531-A351-AB7FD5EBA3F6}
	EndGlobalSection
EndGlobal
